// !$*UTF8*$!
{
	archiveVersion = 1;
	classes = {
	};
	objectVersion = 56;
	objects = {

/* Begin PBXBuildFile section */
		FA09CC142BC23AFE00BD7F52 /* NodeDetail.swift in Sources */ = {isa = PBXBuildFile; fileRef = FA09CC132BC23AFE00BD7F52 /* NodeDetail.swift */; };
		FA09CC182BC309E500BD7F52 /* Directions.swift in Sources */ = {isa = PBXBuildFile; fileRef = FA09CC172BC309E500BD7F52 /* Directions.swift */; };
		FA09CC1A2BC30C5000BD7F52 /* DirectionsButton.swift in Sources */ = {isa = PBXBuildFile; fileRef = FA09CC192BC30C5000BD7F52 /* DirectionsButton.swift */; };
		FA09CC1C2BC30E4200BD7F52 /* RoundedButton.swift in Sources */ = {isa = PBXBuildFile; fileRef = FA09CC1B2BC30E4200BD7F52 /* RoundedButton.swift */; };
		FA09CC1E2BC30F0800BD7F52 /* Loaction.swift in Sources */ = {isa = PBXBuildFile; fileRef = FA09CC1D2BC30F0800BD7F52 /* Loaction.swift */; };
		FA09CC202BC3102A00BD7F52 /* LocationButton.swift in Sources */ = {isa = PBXBuildFile; fileRef = FA09CC1F2BC3102A00BD7F52 /* LocationButton.swift */; };
		FA09CC222BC311E400BD7F52 /* Save.swift in Sources */ = {isa = PBXBuildFile; fileRef = FA09CC212BC311E400BD7F52 /* Save.swift */; };
		FA09CC242BC311EF00BD7F52 /* SaveButton.swift in Sources */ = {isa = PBXBuildFile; fileRef = FA09CC232BC311EF00BD7F52 /* SaveButton.swift */; };
		FA09CC262BC31D7B00BD7F52 /* SheetHeights.swift in Sources */ = {isa = PBXBuildFile; fileRef = FA09CC252BC31D7B00BD7F52 /* SheetHeights.swift */; };
		FA09CC282BC321FF00BD7F52 /* DirectionsPicker.swift in Sources */ = {isa = PBXBuildFile; fileRef = FA09CC272BC321FF00BD7F52 /* DirectionsPicker.swift */; };
		FA09CC2C2BC4247D00BD7F52 /* DirectionsView.swift in Sources */ = {isa = PBXBuildFile; fileRef = FA09CC2B2BC4247D00BD7F52 /* DirectionsView.swift */; };
		FA09CC2F2BC4314900BD7F52 /* DestinationSearch.swift in Sources */ = {isa = PBXBuildFile; fileRef = FA09CC2E2BC4314900BD7F52 /* DestinationSearch.swift */; };
		FA09CC312BC5D6B100BD7F52 /* Fuse in Frameworks */ = {isa = PBXBuildFile; productRef = FA09CC302BC5D6B100BD7F52 /* Fuse */; };
		FA09CC342BC5D73600BD7F52 /* Algorithms in Frameworks */ = {isa = PBXBuildFile; productRef = FA09CC332BC5D73600BD7F52 /* Algorithms */; };
		FA09CC362BC5D74000BD7F52 /* Algorithms in Frameworks */ = {isa = PBXBuildFile; productRef = FA09CC352BC5D74000BD7F52 /* Algorithms */; };
		FA09CC382BC5D74A00BD7F52 /* Algorithms in Frameworks */ = {isa = PBXBuildFile; productRef = FA09CC372BC5D74A00BD7F52 /* Algorithms */; };
		FA18C9DA2BBBA7DD00B8A96E /* ViewController.swift in Sources */ = {isa = PBXBuildFile; fileRef = FA18C9D92BBBA7DD00B8A96E /* ViewController.swift */; };
		FA18C9DD2BBBA89E00B8A96E /* ViewModel.swift in Sources */ = {isa = PBXBuildFile; fileRef = FA18C9DC2BBBA89E00B8A96E /* ViewModel.swift */; };
		FA18C9DF2BBBA9BD00B8A96E /* FloorData.swift in Sources */ = {isa = PBXBuildFile; fileRef = FA18C9DE2BBBA9BD00B8A96E /* FloorData.swift */; };
		FA18C9E22BBBAF5200B8A96E /* FloorSelector.swift in Sources */ = {isa = PBXBuildFile; fileRef = FA18C9E12BBBAF5200B8A96E /* FloorSelector.swift */; };
		FA79763B2BBBBCB7009D90C3 /* Colors.swift in Sources */ = {isa = PBXBuildFile; fileRef = FA79763A2BBBBCB7009D90C3 /* Colors.swift */; };
		FA79763D2BBBC112009D90C3 /* FloorIconButton.swift in Sources */ = {isa = PBXBuildFile; fileRef = FA79763C2BBBC112009D90C3 /* FloorIconButton.swift */; };
		FA79763F2BBBC637009D90C3 /* FloorSelectorIcon.swift in Sources */ = {isa = PBXBuildFile; fileRef = FA79763E2BBBC637009D90C3 /* FloorSelectorIcon.swift */; };
		FA87A3532BB85AC90043C106 /* ImportGraphData.swift in Sources */ = {isa = PBXBuildFile; fileRef = FA87A3522BB85AC90043C106 /* ImportGraphData.swift */; };
		FA87A3722BB8600A0043C106 /* 00_thelowerlevel1.png in Resources */ = {isa = PBXBuildFile; fileRef = FA87A33F2BB84E3B0043C106 /* 00_thelowerlevel1.png */; };
		FA87A3732BB8600A0043C106 /* 00_thelowerlevel2.png in Resources */ = {isa = PBXBuildFile; fileRef = FA87A3402BB84E3B0043C106 /* 00_thelowerlevel2.png */; };
		FA87A3742BB8600A0043C106 /* 01_thefirstfloor.png in Resources */ = {isa = PBXBuildFile; fileRef = FA87A3412BB84E3B0043C106 /* 01_thefirstfloor.png */; };
		FA87A3752BB8600A0043C106 /* 02_thesecondfloor.png in Resources */ = {isa = PBXBuildFile; fileRef = FA87A3422BB84E3B0043C106 /* 02_thesecondfloor.png */; };
		FA87A3762BB8600A0043C106 /* 03_thethirdfloor.png in Resources */ = {isa = PBXBuildFile; fileRef = FA87A3432BB84E3B0043C106 /* 03_thethirdfloor.png */; };
		FA87A3772BB8600A0043C106 /* edges.csv in Resources */ = {isa = PBXBuildFile; fileRef = FA87A33E2BB84E3B0043C106 /* edges.csv */; };
		FA87A3782BB8600A0043C106 /* nodes.csv in Resources */ = {isa = PBXBuildFile; fileRef = FA87A33D2BB84E3B0043C106 /* nodes.csv */; };
		FA87A37B2BB883450043C106 /* FMDB in Frameworks */ = {isa = PBXBuildFile; productRef = FA87A37A2BB883450043C106 /* FMDB */; };
		FA87A37E2BB8839D0043C106 /* InitializeDatabase.swift in Sources */ = {isa = PBXBuildFile; fileRef = FA87A37D2BB8839D0043C106 /* InitializeDatabase.swift */; };
		FA87A3822BB8987B0043C106 /* Schema.swift in Sources */ = {isa = PBXBuildFile; fileRef = FA87A3812BB8987B0043C106 /* Schema.swift */; };
		FA87A3882BB8A5E40043C106 /* Helper.swift in Sources */ = {isa = PBXBuildFile; fileRef = FA87A3872BB8A5E40043C106 /* Helper.swift */; };
		FA87A3C22BB998C80043C106 /* Assets.xcassets in Resources */ = {isa = PBXBuildFile; fileRef = FAEC47F52BB5E30900515518 /* Assets.xcassets */; };
		FA87A3C32BB998C80043C106 /* Preview Assets.xcassets in Resources */ = {isa = PBXBuildFile; fileRef = FAEC47F82BB5E30900515518 /* Preview Assets.xcassets */; };
		FA87A3CC2BB9AAFA0043C106 /* DatabaseEnvironment.swift in Sources */ = {isa = PBXBuildFile; fileRef = FA87A3CB2BB9AAFA0043C106 /* DatabaseEnvironment.swift */; };
		FA87A3CF2BB9ABC90043C106 /* FloorView.swift in Sources */ = {isa = PBXBuildFile; fileRef = FA87A3CE2BB9ABC90043C106 /* FloorView.swift */; };
		FA87A3D52BB9ACF90043C106 /* FMDB in Frameworks */ = {isa = PBXBuildFile; productRef = FA87A3D42BB9ACF90043C106 /* FMDB */; };
		FA87A3D72BB9AD000043C106 /* FMDB in Frameworks */ = {isa = PBXBuildFile; productRef = FA87A3D62BB9AD000043C106 /* FMDB */; };
		FA87A3DA2BBA0ABB0043C106 /* Node.swift in Sources */ = {isa = PBXBuildFile; fileRef = FA87A3D92BBA0ABB0043C106 /* Node.swift */; };
		FA87A3DC2BBA0CDF0043C106 /* Edge.swift in Sources */ = {isa = PBXBuildFile; fileRef = FA87A3DB2BBA0CDF0043C106 /* Edge.swift */; };
		FA87A3DE2BBA10E90043C106 /* Misc.swift in Sources */ = {isa = PBXBuildFile; fileRef = FA87A3DD2BBA10E90043C106 /* Misc.swift */; };
		FA87A3F62BBA65D70043C106 /* ZoomableScrollView.swift in Sources */ = {isa = PBXBuildFile; fileRef = FA87A3F52BBA65D70043C106 /* ZoomableScrollView.swift */; };
		FA87A3FB2BBB0EBC0043C106 /* ZoomableView.swift in Sources */ = {isa = PBXBuildFile; fileRef = FA87A3FA2BBB0EBC0043C106 /* ZoomableView.swift */; };
		FAEC47F02BB5E30800515518 /* softeng_iOSApp.swift in Sources */ = {isa = PBXBuildFile; fileRef = FAEC47EF2BB5E30800515518 /* softeng_iOSApp.swift */; };
		FAEC47F22BB5E30800515518 /* ContentView.swift in Sources */ = {isa = PBXBuildFile; fileRef = FAEC47F12BB5E30800515518 /* ContentView.swift */; };
		FAEC48032BB5E30900515518 /* softeng_iOSTests.swift in Sources */ = {isa = PBXBuildFile; fileRef = FAEC48022BB5E30900515518 /* softeng_iOSTests.swift */; };
		FAEC480D2BB5E30900515518 /* softeng_iOSUITests.swift in Sources */ = {isa = PBXBuildFile; fileRef = FAEC480C2BB5E30900515518 /* softeng_iOSUITests.swift */; };
		FAEC480F2BB5E30900515518 /* softeng_iOSUITestsLaunchTests.swift in Sources */ = {isa = PBXBuildFile; fileRef = FAEC480E2BB5E30900515518 /* softeng_iOSUITestsLaunchTests.swift */; };
		FAF8F26E2BBC3FC200ACD763 /* Graph.swift in Sources */ = {isa = PBXBuildFile; fileRef = FAF8F26D2BBC3FC200ACD763 /* Graph.swift */; };
		FAF8F2702BBC436600ACD763 /* BinaryHeap.swift in Sources */ = {isa = PBXBuildFile; fileRef = FAF8F26F2BBC436600ACD763 /* BinaryHeap.swift */; };
		FAF8F2722BBC625100ACD763 /* SearchBar.swift in Sources */ = {isa = PBXBuildFile; fileRef = FAF8F2712BBC625100ACD763 /* SearchBar.swift */; };
		FAF8F2752BBC8A6100ACD763 /* SearchView.swift in Sources */ = {isa = PBXBuildFile; fileRef = FAF8F2742BBC8A6100ACD763 /* SearchView.swift */; };
		FAF8F2792BBCB43B00ACD763 /* SearchResult.swift in Sources */ = {isa = PBXBuildFile; fileRef = FAF8F2782BBCB43B00ACD763 /* SearchResult.swift */; };
		FAF8F27B2BBCE23100ACD763 /* FloorIcon.swift in Sources */ = {isa = PBXBuildFile; fileRef = FAF8F27A2BBCE23100ACD763 /* FloorIcon.swift */; };
		FAF8F2822BBCEC4B00ACD763 /* Fuse in Frameworks */ = {isa = PBXBuildFile; productRef = FAF8F2812BBCEC4B00ACD763 /* Fuse */; };
/* End PBXBuildFile section */

/* Begin PBXContainerItemProxy section */
		FAEC47FF2BB5E30900515518 /* PBXContainerItemProxy */ = {
			isa = PBXContainerItemProxy;
			containerPortal = FAEC47E42BB5E30800515518 /* Project object */;
			proxyType = 1;
			remoteGlobalIDString = FAEC47EB2BB5E30800515518;
			remoteInfo = "softeng-iOS";
		};
		FAEC48092BB5E30900515518 /* PBXContainerItemProxy */ = {
			isa = PBXContainerItemProxy;
			containerPortal = FAEC47E42BB5E30800515518 /* Project object */;
			proxyType = 1;
			remoteGlobalIDString = FAEC47EB2BB5E30800515518;
			remoteInfo = "softeng-iOS";
		};
/* End PBXContainerItemProxy section */

/* Begin PBXFileReference section */
		FA09CC132BC23AFE00BD7F52 /* NodeDetail.swift */ = {isa = PBXFileReference; lastKnownFileType = sourcecode.swift; path = NodeDetail.swift; sourceTree = "<group>"; };
		FA09CC172BC309E500BD7F52 /* Directions.swift */ = {isa = PBXFileReference; lastKnownFileType = sourcecode.swift; path = Directions.swift; sourceTree = "<group>"; };
		FA09CC192BC30C5000BD7F52 /* DirectionsButton.swift */ = {isa = PBXFileReference; lastKnownFileType = sourcecode.swift; path = DirectionsButton.swift; sourceTree = "<group>"; };
		FA09CC1B2BC30E4200BD7F52 /* RoundedButton.swift */ = {isa = PBXFileReference; lastKnownFileType = sourcecode.swift; path = RoundedButton.swift; sourceTree = "<group>"; };
		FA09CC1D2BC30F0800BD7F52 /* Loaction.swift */ = {isa = PBXFileReference; lastKnownFileType = sourcecode.swift; path = Loaction.swift; sourceTree = "<group>"; };
		FA09CC1F2BC3102A00BD7F52 /* LocationButton.swift */ = {isa = PBXFileReference; lastKnownFileType = sourcecode.swift; path = LocationButton.swift; sourceTree = "<group>"; };
		FA09CC212BC311E400BD7F52 /* Save.swift */ = {isa = PBXFileReference; lastKnownFileType = sourcecode.swift; path = Save.swift; sourceTree = "<group>"; };
		FA09CC232BC311EF00BD7F52 /* SaveButton.swift */ = {isa = PBXFileReference; lastKnownFileType = sourcecode.swift; path = SaveButton.swift; sourceTree = "<group>"; };
		FA09CC252BC31D7B00BD7F52 /* SheetHeights.swift */ = {isa = PBXFileReference; lastKnownFileType = sourcecode.swift; path = SheetHeights.swift; sourceTree = "<group>"; };
		FA09CC272BC321FF00BD7F52 /* DirectionsPicker.swift */ = {isa = PBXFileReference; lastKnownFileType = sourcecode.swift; path = DirectionsPicker.swift; sourceTree = "<group>"; };
		FA09CC2B2BC4247D00BD7F52 /* DirectionsView.swift */ = {isa = PBXFileReference; lastKnownFileType = sourcecode.swift; path = DirectionsView.swift; sourceTree = "<group>"; };
		FA09CC2E2BC4314900BD7F52 /* DestinationSearch.swift */ = {isa = PBXFileReference; lastKnownFileType = sourcecode.swift; path = DestinationSearch.swift; sourceTree = "<group>"; };
		FA18C9D92BBBA7DD00B8A96E /* ViewController.swift */ = {isa = PBXFileReference; lastKnownFileType = sourcecode.swift; path = ViewController.swift; sourceTree = "<group>"; };
		FA18C9DC2BBBA89E00B8A96E /* ViewModel.swift */ = {isa = PBXFileReference; lastKnownFileType = sourcecode.swift; path = ViewModel.swift; sourceTree = "<group>"; };
		FA18C9DE2BBBA9BD00B8A96E /* FloorData.swift */ = {isa = PBXFileReference; lastKnownFileType = sourcecode.swift; path = FloorData.swift; sourceTree = "<group>"; };
		FA18C9E12BBBAF5200B8A96E /* FloorSelector.swift */ = {isa = PBXFileReference; lastKnownFileType = sourcecode.swift; path = FloorSelector.swift; sourceTree = "<group>"; };
		FA79763A2BBBBCB7009D90C3 /* Colors.swift */ = {isa = PBXFileReference; lastKnownFileType = sourcecode.swift; path = Colors.swift; sourceTree = "<group>"; };
		FA79763C2BBBC112009D90C3 /* FloorIconButton.swift */ = {isa = PBXFileReference; lastKnownFileType = sourcecode.swift; path = FloorIconButton.swift; sourceTree = "<group>"; };
		FA79763E2BBBC637009D90C3 /* FloorSelectorIcon.swift */ = {isa = PBXFileReference; lastKnownFileType = sourcecode.swift; path = FloorSelectorIcon.swift; sourceTree = "<group>"; };
		FA87A33D2BB84E3B0043C106 /* nodes.csv */ = {isa = PBXFileReference; fileEncoding = 4; lastKnownFileType = text; path = nodes.csv; sourceTree = "<group>"; };
		FA87A33E2BB84E3B0043C106 /* edges.csv */ = {isa = PBXFileReference; fileEncoding = 4; lastKnownFileType = text; path = edges.csv; sourceTree = "<group>"; };
		FA87A33F2BB84E3B0043C106 /* 00_thelowerlevel1.png */ = {isa = PBXFileReference; lastKnownFileType = image.png; path = 00_thelowerlevel1.png; sourceTree = "<group>"; };
		FA87A3402BB84E3B0043C106 /* 00_thelowerlevel2.png */ = {isa = PBXFileReference; lastKnownFileType = image.png; path = 00_thelowerlevel2.png; sourceTree = "<group>"; };
		FA87A3412BB84E3B0043C106 /* 01_thefirstfloor.png */ = {isa = PBXFileReference; lastKnownFileType = image.png; path = 01_thefirstfloor.png; sourceTree = "<group>"; };
		FA87A3422BB84E3B0043C106 /* 02_thesecondfloor.png */ = {isa = PBXFileReference; lastKnownFileType = image.png; path = 02_thesecondfloor.png; sourceTree = "<group>"; };
		FA87A3432BB84E3B0043C106 /* 03_thethirdfloor.png */ = {isa = PBXFileReference; lastKnownFileType = image.png; path = 03_thethirdfloor.png; sourceTree = "<group>"; };
		FA87A3522BB85AC90043C106 /* ImportGraphData.swift */ = {isa = PBXFileReference; lastKnownFileType = sourcecode.swift; path = ImportGraphData.swift; sourceTree = "<group>"; };
		FA87A37D2BB8839D0043C106 /* InitializeDatabase.swift */ = {isa = PBXFileReference; lastKnownFileType = sourcecode.swift; path = InitializeDatabase.swift; sourceTree = "<group>"; };
		FA87A3812BB8987B0043C106 /* Schema.swift */ = {isa = PBXFileReference; lastKnownFileType = sourcecode.swift; path = Schema.swift; sourceTree = "<group>"; };
		FA87A3872BB8A5E40043C106 /* Helper.swift */ = {isa = PBXFileReference; lastKnownFileType = sourcecode.swift; path = Helper.swift; sourceTree = "<group>"; };
		FA87A3CB2BB9AAFA0043C106 /* DatabaseEnvironment.swift */ = {isa = PBXFileReference; lastKnownFileType = sourcecode.swift; path = DatabaseEnvironment.swift; sourceTree = "<group>"; };
		FA87A3CE2BB9ABC90043C106 /* FloorView.swift */ = {isa = PBXFileReference; lastKnownFileType = sourcecode.swift; path = FloorView.swift; sourceTree = "<group>"; };
		FA87A3D92BBA0ABB0043C106 /* Node.swift */ = {isa = PBXFileReference; lastKnownFileType = sourcecode.swift; path = Node.swift; sourceTree = "<group>"; };
		FA87A3DB2BBA0CDF0043C106 /* Edge.swift */ = {isa = PBXFileReference; lastKnownFileType = sourcecode.swift; path = Edge.swift; sourceTree = "<group>"; };
		FA87A3DD2BBA10E90043C106 /* Misc.swift */ = {isa = PBXFileReference; lastKnownFileType = sourcecode.swift; path = Misc.swift; sourceTree = "<group>"; };
		FA87A3F52BBA65D70043C106 /* ZoomableScrollView.swift */ = {isa = PBXFileReference; lastKnownFileType = sourcecode.swift; path = ZoomableScrollView.swift; sourceTree = "<group>"; };
		FA87A3FA2BBB0EBC0043C106 /* ZoomableView.swift */ = {isa = PBXFileReference; lastKnownFileType = sourcecode.swift; path = ZoomableView.swift; sourceTree = "<group>"; };
		FAEC47EC2BB5E30800515518 /* softeng-iOS.app */ = {isa = PBXFileReference; explicitFileType = wrapper.application; includeInIndex = 0; path = "softeng-iOS.app"; sourceTree = BUILT_PRODUCTS_DIR; };
		FAEC47EF2BB5E30800515518 /* softeng_iOSApp.swift */ = {isa = PBXFileReference; lastKnownFileType = sourcecode.swift; path = softeng_iOSApp.swift; sourceTree = "<group>"; };
		FAEC47F12BB5E30800515518 /* ContentView.swift */ = {isa = PBXFileReference; lastKnownFileType = sourcecode.swift; path = ContentView.swift; sourceTree = "<group>"; };
		FAEC47F52BB5E30900515518 /* Assets.xcassets */ = {isa = PBXFileReference; lastKnownFileType = folder.assetcatalog; path = Assets.xcassets; sourceTree = "<group>"; };
		FAEC47F82BB5E30900515518 /* Preview Assets.xcassets */ = {isa = PBXFileReference; lastKnownFileType = folder.assetcatalog; path = "Preview Assets.xcassets"; sourceTree = "<group>"; };
		FAEC47FE2BB5E30900515518 /* softeng-iOSTests.xctest */ = {isa = PBXFileReference; explicitFileType = wrapper.cfbundle; includeInIndex = 0; path = "softeng-iOSTests.xctest"; sourceTree = BUILT_PRODUCTS_DIR; };
		FAEC48022BB5E30900515518 /* softeng_iOSTests.swift */ = {isa = PBXFileReference; lastKnownFileType = sourcecode.swift; path = softeng_iOSTests.swift; sourceTree = "<group>"; };
		FAEC48082BB5E30900515518 /* softeng-iOSUITests.xctest */ = {isa = PBXFileReference; explicitFileType = wrapper.cfbundle; includeInIndex = 0; path = "softeng-iOSUITests.xctest"; sourceTree = BUILT_PRODUCTS_DIR; };
		FAEC480C2BB5E30900515518 /* softeng_iOSUITests.swift */ = {isa = PBXFileReference; lastKnownFileType = sourcecode.swift; path = softeng_iOSUITests.swift; sourceTree = "<group>"; };
		FAEC480E2BB5E30900515518 /* softeng_iOSUITestsLaunchTests.swift */ = {isa = PBXFileReference; lastKnownFileType = sourcecode.swift; path = softeng_iOSUITestsLaunchTests.swift; sourceTree = "<group>"; };
		FAF8F26D2BBC3FC200ACD763 /* Graph.swift */ = {isa = PBXFileReference; lastKnownFileType = sourcecode.swift; path = Graph.swift; sourceTree = "<group>"; };
		FAF8F26F2BBC436600ACD763 /* BinaryHeap.swift */ = {isa = PBXFileReference; lastKnownFileType = sourcecode.swift; path = BinaryHeap.swift; sourceTree = "<group>"; };
		FAF8F2712BBC625100ACD763 /* SearchBar.swift */ = {isa = PBXFileReference; lastKnownFileType = sourcecode.swift; path = SearchBar.swift; sourceTree = "<group>"; };
		FAF8F2742BBC8A6100ACD763 /* SearchView.swift */ = {isa = PBXFileReference; lastKnownFileType = sourcecode.swift; path = SearchView.swift; sourceTree = "<group>"; };
		FAF8F2782BBCB43B00ACD763 /* SearchResult.swift */ = {isa = PBXFileReference; lastKnownFileType = sourcecode.swift; path = SearchResult.swift; sourceTree = "<group>"; };
		FAF8F27A2BBCE23100ACD763 /* FloorIcon.swift */ = {isa = PBXFileReference; lastKnownFileType = sourcecode.swift; path = FloorIcon.swift; sourceTree = "<group>"; };
/* End PBXFileReference section */

/* Begin PBXFrameworksBuildPhase section */
		FAEC47E92BB5E30800515518 /* Frameworks */ = {
			isa = PBXFrameworksBuildPhase;
			buildActionMask = 2147483647;
			files = (
				FA09CC342BC5D73600BD7F52 /* Algorithms in Frameworks */,
				FA87A37B2BB883450043C106 /* FMDB in Frameworks */,
				FAF8F2822BBCEC4B00ACD763 /* Fuse in Frameworks */,
			);
			runOnlyForDeploymentPostprocessing = 0;
		};
		FAEC47FB2BB5E30900515518 /* Frameworks */ = {
			isa = PBXFrameworksBuildPhase;
			buildActionMask = 2147483647;
			files = (
				FA09CC362BC5D74000BD7F52 /* Algorithms in Frameworks */,
				FA87A3D52BB9ACF90043C106 /* FMDB in Frameworks */,
				FA09CC312BC5D6B100BD7F52 /* Fuse in Frameworks */,
			);
			runOnlyForDeploymentPostprocessing = 0;
		};
		FAEC48052BB5E30900515518 /* Frameworks */ = {
			isa = PBXFrameworksBuildPhase;
			buildActionMask = 2147483647;
			files = (
				FA09CC382BC5D74A00BD7F52 /* Algorithms in Frameworks */,
				FA87A3D72BB9AD000043C106 /* FMDB in Frameworks */,
			);
			runOnlyForDeploymentPostprocessing = 0;
		};
/* End PBXFrameworksBuildPhase section */

/* Begin PBXGroup section */
		FA09CC152BC309C300BD7F52 /* FloorSelector */ = {
			isa = PBXGroup;
			children = (
				FA18C9E12BBBAF5200B8A96E /* FloorSelector.swift */,
				FA79763E2BBBC637009D90C3 /* FloorSelectorIcon.swift */,
				FA79763C2BBBC112009D90C3 /* FloorIconButton.swift */,
				FAF8F27A2BBCE23100ACD763 /* FloorIcon.swift */,
			);
			path = FloorSelector;
			sourceTree = "<group>";
		};
		FA09CC162BC309D900BD7F52 /* Directions */ = {
			isa = PBXGroup;
			children = (
				FA09CC192BC30C5000BD7F52 /* DirectionsButton.swift */,
				FA09CC172BC309E500BD7F52 /* Directions.swift */,
				FA09CC1F2BC3102A00BD7F52 /* LocationButton.swift */,
				FA09CC1D2BC30F0800BD7F52 /* Loaction.swift */,
				FA09CC232BC311EF00BD7F52 /* SaveButton.swift */,
				FA09CC212BC311E400BD7F52 /* Save.swift */,
				FA09CC1B2BC30E4200BD7F52 /* RoundedButton.swift */,
			);
			path = Directions;
			sourceTree = "<group>";
		};
		FA09CC2D2BC42C5200BD7F52 /* Directions */ = {
			isa = PBXGroup;
			children = (
				FA09CC2B2BC4247D00BD7F52 /* DirectionsView.swift */,
				FA09CC272BC321FF00BD7F52 /* DirectionsPicker.swift */,
				FA09CC2E2BC4314900BD7F52 /* DestinationSearch.swift */,
			);
			path = Directions;
			sourceTree = "<group>";
		};
		FA18C9DB2BBBA88E00B8A96E /* ViewModel */ = {
			isa = PBXGroup;
			children = (
				FA18C9DC2BBBA89E00B8A96E /* ViewModel.swift */,
				FA87A3CB2BB9AAFA0043C106 /* DatabaseEnvironment.swift */,
				FA18C9DE2BBBA9BD00B8A96E /* FloorData.swift */,
			);
			path = ViewModel;
			sourceTree = "<group>";
		};
		FA18C9E02BBBAF3B00B8A96E /* Buttons */ = {
			isa = PBXGroup;
			children = (
				FA09CC162BC309D900BD7F52 /* Directions */,
				FA09CC152BC309C300BD7F52 /* FloorSelector */,
			);
			path = Buttons;
			sourceTree = "<group>";
		};
		FA87A33C2BB84D450043C106 /* StaticData */ = {
			isa = PBXGroup;
			children = (
				FA87A3442BB84E3B0043C106 /* BWHospitalMaps */,
				FA87A33E2BB84E3B0043C106 /* edges.csv */,
				FA87A33D2BB84E3B0043C106 /* nodes.csv */,
				FA79763A2BBBBCB7009D90C3 /* Colors.swift */,
				FA09CC252BC31D7B00BD7F52 /* SheetHeights.swift */,
			);
			path = StaticData;
			sourceTree = "<group>";
		};
		FA87A3442BB84E3B0043C106 /* BWHospitalMaps */ = {
			isa = PBXGroup;
			children = (
				FA87A33F2BB84E3B0043C106 /* 00_thelowerlevel1.png */,
				FA87A3402BB84E3B0043C106 /* 00_thelowerlevel2.png */,
				FA87A3412BB84E3B0043C106 /* 01_thefirstfloor.png */,
				FA87A3422BB84E3B0043C106 /* 02_thesecondfloor.png */,
				FA87A3432BB84E3B0043C106 /* 03_thethirdfloor.png */,
			);
			path = BWHospitalMaps;
			sourceTree = "<group>";
		};
		FA87A37C2BB8837F0043C106 /* Database */ = {
			isa = PBXGroup;
			children = (
				FA87A37D2BB8839D0043C106 /* InitializeDatabase.swift */,
				FA87A3872BB8A5E40043C106 /* Helper.swift */,
				FA87A3522BB85AC90043C106 /* ImportGraphData.swift */,
				FA87A3812BB8987B0043C106 /* Schema.swift */,
				FA87A3D82BBA0AAE0043C106 /* Tables */,
			);
			path = Database;
			sourceTree = "<group>";
		};
		FA87A3CA2BB9AAC00043C106 /* Utility */ = {
			isa = PBXGroup;
			children = (
				FA87A3DD2BBA10E90043C106 /* Misc.swift */,
				FAF8F26D2BBC3FC200ACD763 /* Graph.swift */,
				FAF8F26F2BBC436600ACD763 /* BinaryHeap.swift */,
				FA87A3F52BBA65D70043C106 /* ZoomableScrollView.swift */,
				FA87A3FA2BBB0EBC0043C106 /* ZoomableView.swift */,
			);
			path = Utility;
			sourceTree = "<group>";
		};
		FA87A3CD2BB9ABAC0043C106 /* MainViews */ = {
			isa = PBXGroup;
			children = (
				FA87A3CE2BB9ABC90043C106 /* FloorView.swift */,
				FA09CC132BC23AFE00BD7F52 /* NodeDetail.swift */,
				FA09CC2D2BC42C5200BD7F52 /* Directions */,
				FAF8F2732BBC8A0300ACD763 /* Serach */,
			);
			path = MainViews;
			sourceTree = "<group>";
		};
		FA87A3D82BBA0AAE0043C106 /* Tables */ = {
			isa = PBXGroup;
			children = (
				FA87A3D92BBA0ABB0043C106 /* Node.swift */,
				FA87A3DB2BBA0CDF0043C106 /* Edge.swift */,
			);
			path = Tables;
			sourceTree = "<group>";
		};
		FAEC47E32BB5E30800515518 = {
			isa = PBXGroup;
			children = (
				FAEC47EE2BB5E30800515518 /* softeng-iOS */,
				FAEC48012BB5E30900515518 /* softeng-iOSTests */,
				FAEC480B2BB5E30900515518 /* softeng-iOSUITests */,
				FAEC47ED2BB5E30800515518 /* Products */,
			);
			sourceTree = "<group>";
		};
		FAEC47ED2BB5E30800515518 /* Products */ = {
			isa = PBXGroup;
			children = (
				FAEC47EC2BB5E30800515518 /* softeng-iOS.app */,
				FAEC47FE2BB5E30900515518 /* softeng-iOSTests.xctest */,
				FAEC48082BB5E30900515518 /* softeng-iOSUITests.xctest */,
			);
			name = Products;
			sourceTree = "<group>";
		};
		FAEC47EE2BB5E30800515518 /* softeng-iOS */ = {
			isa = PBXGroup;
			children = (
				FAEC47EF2BB5E30800515518 /* softeng_iOSApp.swift */,
				FAEC47F12BB5E30800515518 /* ContentView.swift */,
				FA18C9D92BBBA7DD00B8A96E /* ViewController.swift */,
				FA18C9DB2BBBA88E00B8A96E /* ViewModel */,
				FA87A3CD2BB9ABAC0043C106 /* MainViews */,
				FA18C9E02BBBAF3B00B8A96E /* Buttons */,
				FA87A33C2BB84D450043C106 /* StaticData */,
				FA87A37C2BB8837F0043C106 /* Database */,
				FA87A3CA2BB9AAC00043C106 /* Utility */,
				FAEC47F52BB5E30900515518 /* Assets.xcassets */,
				FAEC47F72BB5E30900515518 /* Preview Content */,
			);
			path = "softeng-iOS";
			sourceTree = "<group>";
		};
		FAEC47F72BB5E30900515518 /* Preview Content */ = {
			isa = PBXGroup;
			children = (
				FAEC47F82BB5E30900515518 /* Preview Assets.xcassets */,
			);
			path = "Preview Content";
			sourceTree = "<group>";
		};
		FAEC48012BB5E30900515518 /* softeng-iOSTests */ = {
			isa = PBXGroup;
			children = (
				FAEC48022BB5E30900515518 /* softeng_iOSTests.swift */,
			);
			path = "softeng-iOSTests";
			sourceTree = "<group>";
		};
		FAEC480B2BB5E30900515518 /* softeng-iOSUITests */ = {
			isa = PBXGroup;
			children = (
				FAEC480C2BB5E30900515518 /* softeng_iOSUITests.swift */,
				FAEC480E2BB5E30900515518 /* softeng_iOSUITestsLaunchTests.swift */,
			);
			path = "softeng-iOSUITests";
			sourceTree = "<group>";
		};
		FAF8F2732BBC8A0300ACD763 /* Serach */ = {
			isa = PBXGroup;
			children = (
				FAF8F2742BBC8A6100ACD763 /* SearchView.swift */,
				FAF8F2712BBC625100ACD763 /* SearchBar.swift */,
				FAF8F2782BBCB43B00ACD763 /* SearchResult.swift */,
			);
			path = Serach;
			sourceTree = "<group>";
		};
/* End PBXGroup section */

/* Begin PBXNativeTarget section */
		FAEC47EB2BB5E30800515518 /* softeng-iOS */ = {
			isa = PBXNativeTarget;
			buildConfigurationList = FAEC48122BB5E30900515518 /* Build configuration list for PBXNativeTarget "softeng-iOS" */;
			buildPhases = (
				FAEC47E82BB5E30800515518 /* Sources */,
				FAEC47E92BB5E30800515518 /* Frameworks */,
				FAEC47EA2BB5E30800515518 /* Resources */,
			);
			buildRules = (
			);
			dependencies = (
			);
			name = "softeng-iOS";
			packageProductDependencies = (
				FA87A37A2BB883450043C106 /* FMDB */,
				FAF8F2812BBCEC4B00ACD763 /* Fuse */,
				FA09CC332BC5D73600BD7F52 /* Algorithms */,
			);
			productName = "softeng-iOS";
			productReference = FAEC47EC2BB5E30800515518 /* softeng-iOS.app */;
			productType = "com.apple.product-type.application";
		};
		FAEC47FD2BB5E30900515518 /* softeng-iOSTests */ = {
			isa = PBXNativeTarget;
			buildConfigurationList = FAEC48152BB5E30900515518 /* Build configuration list for PBXNativeTarget "softeng-iOSTests" */;
			buildPhases = (
				FAEC47FA2BB5E30900515518 /* Sources */,
				FAEC47FB2BB5E30900515518 /* Frameworks */,
				FAEC47FC2BB5E30900515518 /* Resources */,
			);
			buildRules = (
			);
			dependencies = (
				FAEC48002BB5E30900515518 /* PBXTargetDependency */,
			);
			name = "softeng-iOSTests";
			packageProductDependencies = (
				FA87A3D42BB9ACF90043C106 /* FMDB */,
				FA09CC302BC5D6B100BD7F52 /* Fuse */,
				FA09CC352BC5D74000BD7F52 /* Algorithms */,
			);
			productName = "softeng-iOSTests";
			productReference = FAEC47FE2BB5E30900515518 /* softeng-iOSTests.xctest */;
			productType = "com.apple.product-type.bundle.unit-test";
		};
		FAEC48072BB5E30900515518 /* softeng-iOSUITests */ = {
			isa = PBXNativeTarget;
			buildConfigurationList = FAEC48182BB5E30900515518 /* Build configuration list for PBXNativeTarget "softeng-iOSUITests" */;
			buildPhases = (
				FAEC48042BB5E30900515518 /* Sources */,
				FAEC48052BB5E30900515518 /* Frameworks */,
				FAEC48062BB5E30900515518 /* Resources */,
			);
			buildRules = (
			);
			dependencies = (
				FAEC480A2BB5E30900515518 /* PBXTargetDependency */,
			);
			name = "softeng-iOSUITests";
			packageProductDependencies = (
				FA87A3D62BB9AD000043C106 /* FMDB */,
				FA09CC372BC5D74A00BD7F52 /* Algorithms */,
			);
			productName = "softeng-iOSUITests";
			productReference = FAEC48082BB5E30900515518 /* softeng-iOSUITests.xctest */;
			productType = "com.apple.product-type.bundle.ui-testing";
		};
/* End PBXNativeTarget section */

/* Begin PBXProject section */
		FAEC47E42BB5E30800515518 /* Project object */ = {
			isa = PBXProject;
			attributes = {
				BuildIndependentTargetsInParallel = 1;
				LastSwiftUpdateCheck = 1530;
				LastUpgradeCheck = 1530;
				TargetAttributes = {
					FAEC47EB2BB5E30800515518 = {
						CreatedOnToolsVersion = 15.3;
					};
					FAEC47FD2BB5E30900515518 = {
						CreatedOnToolsVersion = 15.3;
						TestTargetID = FAEC47EB2BB5E30800515518;
					};
					FAEC48072BB5E30900515518 = {
						CreatedOnToolsVersion = 15.3;
						TestTargetID = FAEC47EB2BB5E30800515518;
					};
				};
			};
			buildConfigurationList = FAEC47E72BB5E30800515518 /* Build configuration list for PBXProject "softeng-iOS" */;
			compatibilityVersion = "Xcode 14.0";
			developmentRegion = en;
			hasScannedForEncodings = 0;
			knownRegions = (
				en,
				Base,
			);
			mainGroup = FAEC47E32BB5E30800515518;
			packageReferences = (
				FA87A3792BB883450043C106 /* XCRemoteSwiftPackageReference "fmdb" */,
				FAF8F2802BBCEBC900ACD763 /* XCRemoteSwiftPackageReference "fuse-swift" */,
				FA09CC322BC5D73600BD7F52 /* XCRemoteSwiftPackageReference "swift-algorithms" */,
			);
			productRefGroup = FAEC47ED2BB5E30800515518 /* Products */;
			projectDirPath = "";
			projectRoot = "";
			targets = (
				FAEC47EB2BB5E30800515518 /* softeng-iOS */,
				FAEC47FD2BB5E30900515518 /* softeng-iOSTests */,
				FAEC48072BB5E30900515518 /* softeng-iOSUITests */,
			);
		};
/* End PBXProject section */

/* Begin PBXResourcesBuildPhase section */
		FAEC47EA2BB5E30800515518 /* Resources */ = {
			isa = PBXResourcesBuildPhase;
			buildActionMask = 2147483647;
			files = (
				FA87A3C22BB998C80043C106 /* Assets.xcassets in Resources */,
				FA87A3C32BB998C80043C106 /* Preview Assets.xcassets in Resources */,
				FA87A3722BB8600A0043C106 /* 00_thelowerlevel1.png in Resources */,
				FA87A3732BB8600A0043C106 /* 00_thelowerlevel2.png in Resources */,
				FA87A3742BB8600A0043C106 /* 01_thefirstfloor.png in Resources */,
				FA87A3752BB8600A0043C106 /* 02_thesecondfloor.png in Resources */,
				FA87A3762BB8600A0043C106 /* 03_thethirdfloor.png in Resources */,
				FA87A3772BB8600A0043C106 /* edges.csv in Resources */,
				FA87A3782BB8600A0043C106 /* nodes.csv in Resources */,
			);
			runOnlyForDeploymentPostprocessing = 0;
		};
		FAEC47FC2BB5E30900515518 /* Resources */ = {
			isa = PBXResourcesBuildPhase;
			buildActionMask = 2147483647;
			files = (
			);
			runOnlyForDeploymentPostprocessing = 0;
		};
		FAEC48062BB5E30900515518 /* Resources */ = {
			isa = PBXResourcesBuildPhase;
			buildActionMask = 2147483647;
			files = (
			);
			runOnlyForDeploymentPostprocessing = 0;
		};
/* End PBXResourcesBuildPhase section */

/* Begin PBXSourcesBuildPhase section */
		FAEC47E82BB5E30800515518 /* Sources */ = {
			isa = PBXSourcesBuildPhase;
			buildActionMask = 2147483647;
			files = (
				FA18C9E22BBBAF5200B8A96E /* FloorSelector.swift in Sources */,
				FA09CC1C2BC30E4200BD7F52 /* RoundedButton.swift in Sources */,
				FA79763B2BBBBCB7009D90C3 /* Colors.swift in Sources */,
				FAF8F2702BBC436600ACD763 /* BinaryHeap.swift in Sources */,
				FA09CC202BC3102A00BD7F52 /* LocationButton.swift in Sources */,
				FA09CC262BC31D7B00BD7F52 /* SheetHeights.swift in Sources */,
				FA09CC2F2BC4314900BD7F52 /* DestinationSearch.swift in Sources */,
				FA87A3822BB8987B0043C106 /* Schema.swift in Sources */,
				FAF8F2752BBC8A6100ACD763 /* SearchView.swift in Sources */,
				FAEC47F22BB5E30800515518 /* ContentView.swift in Sources */,
				FA87A3532BB85AC90043C106 /* ImportGraphData.swift in Sources */,
				FA87A3DA2BBA0ABB0043C106 /* Node.swift in Sources */,
				FA79763F2BBBC637009D90C3 /* FloorSelectorIcon.swift in Sources */,
				FA18C9DA2BBBA7DD00B8A96E /* ViewController.swift in Sources */,
				FAEC47F02BB5E30800515518 /* softeng_iOSApp.swift in Sources */,
				FAF8F26E2BBC3FC200ACD763 /* Graph.swift in Sources */,
				FA87A3DE2BBA10E90043C106 /* Misc.swift in Sources */,
				FA87A3F62BBA65D70043C106 /* ZoomableScrollView.swift in Sources */,
				FA09CC1A2BC30C5000BD7F52 /* DirectionsButton.swift in Sources */,
				FA18C9DF2BBBA9BD00B8A96E /* FloorData.swift in Sources */,
				FA09CC2C2BC4247D00BD7F52 /* DirectionsView.swift in Sources */,
				FA09CC182BC309E500BD7F52 /* Directions.swift in Sources */,
				FA87A3CC2BB9AAFA0043C106 /* DatabaseEnvironment.swift in Sources */,
				FA87A37E2BB8839D0043C106 /* InitializeDatabase.swift in Sources */,
				FA09CC142BC23AFE00BD7F52 /* NodeDetail.swift in Sources */,
				FAF8F2722BBC625100ACD763 /* SearchBar.swift in Sources */,
				FA18C9DD2BBBA89E00B8A96E /* ViewModel.swift in Sources */,
				FAF8F2792BBCB43B00ACD763 /* SearchResult.swift in Sources */,
				FA87A3882BB8A5E40043C106 /* Helper.swift in Sources */,
				FA09CC282BC321FF00BD7F52 /* DirectionsPicker.swift in Sources */,
				FA87A3DC2BBA0CDF0043C106 /* Edge.swift in Sources */,
				FA09CC222BC311E400BD7F52 /* Save.swift in Sources */,
				FA09CC242BC311EF00BD7F52 /* SaveButton.swift in Sources */,
				FAF8F27B2BBCE23100ACD763 /* FloorIcon.swift in Sources */,
				FA09CC1E2BC30F0800BD7F52 /* Loaction.swift in Sources */,
				FA87A3CF2BB9ABC90043C106 /* FloorView.swift in Sources */,
				FA87A3FB2BBB0EBC0043C106 /* ZoomableView.swift in Sources */,
				FA79763D2BBBC112009D90C3 /* FloorIconButton.swift in Sources */,
			);
			runOnlyForDeploymentPostprocessing = 0;
		};
		FAEC47FA2BB5E30900515518 /* Sources */ = {
			isa = PBXSourcesBuildPhase;
			buildActionMask = 2147483647;
			files = (
				FAEC48032BB5E30900515518 /* softeng_iOSTests.swift in Sources */,
			);
			runOnlyForDeploymentPostprocessing = 0;
		};
		FAEC48042BB5E30900515518 /* Sources */ = {
			isa = PBXSourcesBuildPhase;
			buildActionMask = 2147483647;
			files = (
				FAEC480D2BB5E30900515518 /* softeng_iOSUITests.swift in Sources */,
				FAEC480F2BB5E30900515518 /* softeng_iOSUITestsLaunchTests.swift in Sources */,
			);
			runOnlyForDeploymentPostprocessing = 0;
		};
/* End PBXSourcesBuildPhase section */

/* Begin PBXTargetDependency section */
		FAEC48002BB5E30900515518 /* PBXTargetDependency */ = {
			isa = PBXTargetDependency;
			target = FAEC47EB2BB5E30800515518 /* softeng-iOS */;
			targetProxy = FAEC47FF2BB5E30900515518 /* PBXContainerItemProxy */;
		};
		FAEC480A2BB5E30900515518 /* PBXTargetDependency */ = {
			isa = PBXTargetDependency;
			target = FAEC47EB2BB5E30800515518 /* softeng-iOS */;
			targetProxy = FAEC48092BB5E30900515518 /* PBXContainerItemProxy */;
		};
/* End PBXTargetDependency section */

/* Begin XCBuildConfiguration section */
		FAEC48102BB5E30900515518 /* Debug */ = {
			isa = XCBuildConfiguration;
			buildSettings = {
				ALWAYS_SEARCH_USER_PATHS = NO;
				ASSETCATALOG_COMPILER_GENERATE_SWIFT_ASSET_SYMBOL_EXTENSIONS = YES;
				CLANG_ANALYZER_NONNULL = YES;
				CLANG_ANALYZER_NUMBER_OBJECT_CONVERSION = YES_AGGRESSIVE;
				CLANG_CXX_LANGUAGE_STANDARD = "gnu++20";
				CLANG_ENABLE_MODULES = YES;
				CLANG_ENABLE_OBJC_ARC = YES;
				CLANG_ENABLE_OBJC_WEAK = YES;
				CLANG_WARN_BLOCK_CAPTURE_AUTORELEASING = YES;
				CLANG_WARN_BOOL_CONVERSION = YES;
				CLANG_WARN_COMMA = YES;
				CLANG_WARN_CONSTANT_CONVERSION = YES;
				CLANG_WARN_DEPRECATED_OBJC_IMPLEMENTATIONS = YES;
				CLANG_WARN_DIRECT_OBJC_ISA_USAGE = YES_ERROR;
				CLANG_WARN_DOCUMENTATION_COMMENTS = YES;
				CLANG_WARN_EMPTY_BODY = YES;
				CLANG_WARN_ENUM_CONVERSION = YES;
				CLANG_WARN_INFINITE_RECURSION = YES;
				CLANG_WARN_INT_CONVERSION = YES;
				CLANG_WARN_NON_LITERAL_NULL_CONVERSION = YES;
				CLANG_WARN_OBJC_IMPLICIT_RETAIN_SELF = YES;
				CLANG_WARN_OBJC_LITERAL_CONVERSION = YES;
				CLANG_WARN_OBJC_ROOT_CLASS = YES_ERROR;
				CLANG_WARN_QUOTED_INCLUDE_IN_FRAMEWORK_HEADER = YES;
				CLANG_WARN_RANGE_LOOP_ANALYSIS = YES;
				CLANG_WARN_STRICT_PROTOTYPES = YES;
				CLANG_WARN_SUSPICIOUS_MOVE = YES;
				CLANG_WARN_UNGUARDED_AVAILABILITY = YES_AGGRESSIVE;
				CLANG_WARN_UNREACHABLE_CODE = YES;
				CLANG_WARN__DUPLICATE_METHOD_MATCH = YES;
				COPY_PHASE_STRIP = NO;
				DEBUG_INFORMATION_FORMAT = dwarf;
				EMBED_ASSET_PACKS_IN_PRODUCT_BUNDLE = NO;
				ENABLE_STRICT_OBJC_MSGSEND = YES;
				ENABLE_TESTABILITY = YES;
				ENABLE_USER_SCRIPT_SANDBOXING = YES;
				GCC_C_LANGUAGE_STANDARD = gnu17;
				GCC_DYNAMIC_NO_PIC = NO;
				GCC_NO_COMMON_BLOCKS = YES;
				GCC_OPTIMIZATION_LEVEL = 0;
				GCC_PREPROCESSOR_DEFINITIONS = (
					"DEBUG=1",
					"$(inherited)",
				);
				GCC_WARN_64_TO_32_BIT_CONVERSION = YES;
				GCC_WARN_ABOUT_RETURN_TYPE = YES_ERROR;
				GCC_WARN_UNDECLARED_SELECTOR = YES;
				GCC_WARN_UNINITIALIZED_AUTOS = YES_AGGRESSIVE;
				GCC_WARN_UNUSED_FUNCTION = YES;
				GCC_WARN_UNUSED_VARIABLE = YES;
				IPHONEOS_DEPLOYMENT_TARGET = 17.4;
				LOCALIZATION_PREFERS_STRING_CATALOGS = YES;
				MTL_ENABLE_DEBUG_INFO = INCLUDE_SOURCE;
				MTL_FAST_MATH = YES;
				ONLY_ACTIVE_ARCH = YES;
				SDKROOT = iphoneos;
				SWIFT_ACTIVE_COMPILATION_CONDITIONS = "DEBUG $(inherited)";
				SWIFT_OPTIMIZATION_LEVEL = "-Onone";
			};
			name = Debug;
		};
		FAEC48112BB5E30900515518 /* Release */ = {
			isa = XCBuildConfiguration;
			buildSettings = {
				ALWAYS_SEARCH_USER_PATHS = NO;
				ASSETCATALOG_COMPILER_GENERATE_SWIFT_ASSET_SYMBOL_EXTENSIONS = YES;
				CLANG_ANALYZER_NONNULL = YES;
				CLANG_ANALYZER_NUMBER_OBJECT_CONVERSION = YES_AGGRESSIVE;
				CLANG_CXX_LANGUAGE_STANDARD = "gnu++20";
				CLANG_ENABLE_MODULES = YES;
				CLANG_ENABLE_OBJC_ARC = YES;
				CLANG_ENABLE_OBJC_WEAK = YES;
				CLANG_WARN_BLOCK_CAPTURE_AUTORELEASING = YES;
				CLANG_WARN_BOOL_CONVERSION = YES;
				CLANG_WARN_COMMA = YES;
				CLANG_WARN_CONSTANT_CONVERSION = YES;
				CLANG_WARN_DEPRECATED_OBJC_IMPLEMENTATIONS = YES;
				CLANG_WARN_DIRECT_OBJC_ISA_USAGE = YES_ERROR;
				CLANG_WARN_DOCUMENTATION_COMMENTS = YES;
				CLANG_WARN_EMPTY_BODY = YES;
				CLANG_WARN_ENUM_CONVERSION = YES;
				CLANG_WARN_INFINITE_RECURSION = YES;
				CLANG_WARN_INT_CONVERSION = YES;
				CLANG_WARN_NON_LITERAL_NULL_CONVERSION = YES;
				CLANG_WARN_OBJC_IMPLICIT_RETAIN_SELF = YES;
				CLANG_WARN_OBJC_LITERAL_CONVERSION = YES;
				CLANG_WARN_OBJC_ROOT_CLASS = YES_ERROR;
				CLANG_WARN_QUOTED_INCLUDE_IN_FRAMEWORK_HEADER = YES;
				CLANG_WARN_RANGE_LOOP_ANALYSIS = YES;
				CLANG_WARN_STRICT_PROTOTYPES = YES;
				CLANG_WARN_SUSPICIOUS_MOVE = YES;
				CLANG_WARN_UNGUARDED_AVAILABILITY = YES_AGGRESSIVE;
				CLANG_WARN_UNREACHABLE_CODE = YES;
				CLANG_WARN__DUPLICATE_METHOD_MATCH = YES;
				COPY_PHASE_STRIP = NO;
				DEBUG_INFORMATION_FORMAT = "dwarf-with-dsym";
				EMBED_ASSET_PACKS_IN_PRODUCT_BUNDLE = NO;
				ENABLE_NS_ASSERTIONS = NO;
				ENABLE_STRICT_OBJC_MSGSEND = YES;
				ENABLE_USER_SCRIPT_SANDBOXING = YES;
				GCC_C_LANGUAGE_STANDARD = gnu17;
				GCC_NO_COMMON_BLOCKS = YES;
				GCC_WARN_64_TO_32_BIT_CONVERSION = YES;
				GCC_WARN_ABOUT_RETURN_TYPE = YES_ERROR;
				GCC_WARN_UNDECLARED_SELECTOR = YES;
				GCC_WARN_UNINITIALIZED_AUTOS = YES_AGGRESSIVE;
				GCC_WARN_UNUSED_FUNCTION = YES;
				GCC_WARN_UNUSED_VARIABLE = YES;
				IPHONEOS_DEPLOYMENT_TARGET = 17.4;
				LOCALIZATION_PREFERS_STRING_CATALOGS = YES;
				MTL_ENABLE_DEBUG_INFO = NO;
				MTL_FAST_MATH = YES;
				SDKROOT = iphoneos;
				SWIFT_COMPILATION_MODE = wholemodule;
				VALIDATE_PRODUCT = YES;
			};
			name = Release;
		};
		FAEC48132BB5E30900515518 /* Debug */ = {
			isa = XCBuildConfiguration;
			buildSettings = {
				ASSETCATALOG_COMPILER_APPICON_NAME = AppIcon;
				ASSETCATALOG_COMPILER_GLOBAL_ACCENT_COLOR_NAME = AccentColor;
				CODE_SIGN_STYLE = Automatic;
				CURRENT_PROJECT_VERSION = 1;
				DEVELOPMENT_ASSET_PATHS = "\"softeng-iOS/Preview Content\"";
				DEVELOPMENT_TEAM = 9LZB553FST;
				ENABLE_PREVIEWS = YES;
				GENERATE_INFOPLIST_FILE = YES;
				INFOPLIST_KEY_UIApplicationSceneManifest_Generation = YES;
				INFOPLIST_KEY_UIApplicationSupportsIndirectInputEvents = YES;
				INFOPLIST_KEY_UILaunchScreen_Generation = YES;
				INFOPLIST_KEY_UISupportedInterfaceOrientations_iPad = "UIInterfaceOrientationPortrait UIInterfaceOrientationPortraitUpsideDown UIInterfaceOrientationLandscapeLeft UIInterfaceOrientationLandscapeRight";
				INFOPLIST_KEY_UISupportedInterfaceOrientations_iPhone = UIInterfaceOrientationPortrait;
				LD_RUNPATH_SEARCH_PATHS = (
					"$(inherited)",
					"@executable_path/Frameworks",
				);
				MARKETING_VERSION = 1.0;
				PRODUCT_BUNDLE_IDENTIFIER = "org.siracusafamily.softeng-iOS";
				PRODUCT_NAME = "$(TARGET_NAME)";
				SWIFT_EMIT_LOC_STRINGS = YES;
				SWIFT_VERSION = 5.0;
				TARGETED_DEVICE_FAMILY = "1,2";
			};
			name = Debug;
		};
		FAEC48142BB5E30900515518 /* Release */ = {
			isa = XCBuildConfiguration;
			buildSettings = {
				ASSETCATALOG_COMPILER_APPICON_NAME = AppIcon;
				ASSETCATALOG_COMPILER_GLOBAL_ACCENT_COLOR_NAME = AccentColor;
				CODE_SIGN_STYLE = Automatic;
				CURRENT_PROJECT_VERSION = 1;
				DEVELOPMENT_ASSET_PATHS = "\"softeng-iOS/Preview Content\"";
				DEVELOPMENT_TEAM = 9LZB553FST;
				ENABLE_PREVIEWS = YES;
				GENERATE_INFOPLIST_FILE = YES;
				INFOPLIST_KEY_UIApplicationSceneManifest_Generation = YES;
				INFOPLIST_KEY_UIApplicationSupportsIndirectInputEvents = YES;
				INFOPLIST_KEY_UILaunchScreen_Generation = YES;
				INFOPLIST_KEY_UISupportedInterfaceOrientations_iPad = "UIInterfaceOrientationPortrait UIInterfaceOrientationPortraitUpsideDown UIInterfaceOrientationLandscapeLeft UIInterfaceOrientationLandscapeRight";
				INFOPLIST_KEY_UISupportedInterfaceOrientations_iPhone = UIInterfaceOrientationPortrait;
				LD_RUNPATH_SEARCH_PATHS = (
					"$(inherited)",
					"@executable_path/Frameworks",
				);
				MARKETING_VERSION = 1.0;
				PRODUCT_BUNDLE_IDENTIFIER = "org.siracusafamily.softeng-iOS";
				PRODUCT_NAME = "$(TARGET_NAME)";
				SWIFT_EMIT_LOC_STRINGS = YES;
				SWIFT_VERSION = 5.0;
				TARGETED_DEVICE_FAMILY = "1,2";
			};
			name = Release;
		};
		FAEC48162BB5E30900515518 /* Debug */ = {
			isa = XCBuildConfiguration;
			buildSettings = {
				ALWAYS_EMBED_SWIFT_STANDARD_LIBRARIES = YES;
				BUNDLE_LOADER = "$(TEST_HOST)";
				CODE_SIGN_STYLE = Automatic;
				CURRENT_PROJECT_VERSION = 1;
				DEVELOPMENT_TEAM = 9LZB553FST;
				GENERATE_INFOPLIST_FILE = YES;
				IPHONEOS_DEPLOYMENT_TARGET = 17.4;
				MARKETING_VERSION = 1.0;
				PRODUCT_BUNDLE_IDENTIFIER = "org.siracusafamily.softeng-iOSTests";
				PRODUCT_NAME = "$(TARGET_NAME)";
				SWIFT_EMIT_LOC_STRINGS = NO;
				SWIFT_VERSION = 5.0;
				TARGETED_DEVICE_FAMILY = "1,2";
				TEST_HOST = "$(BUILT_PRODUCTS_DIR)/softeng-iOS.app/$(BUNDLE_EXECUTABLE_FOLDER_PATH)/softeng-iOS";
			};
			name = Debug;
		};
		FAEC48172BB5E30900515518 /* Release */ = {
			isa = XCBuildConfiguration;
			buildSettings = {
				ALWAYS_EMBED_SWIFT_STANDARD_LIBRARIES = YES;
				BUNDLE_LOADER = "$(TEST_HOST)";
				CODE_SIGN_STYLE = Automatic;
				CURRENT_PROJECT_VERSION = 1;
				DEVELOPMENT_TEAM = 9LZB553FST;
				GENERATE_INFOPLIST_FILE = YES;
				IPHONEOS_DEPLOYMENT_TARGET = 17.4;
				MARKETING_VERSION = 1.0;
				PRODUCT_BUNDLE_IDENTIFIER = "org.siracusafamily.softeng-iOSTests";
				PRODUCT_NAME = "$(TARGET_NAME)";
				SWIFT_EMIT_LOC_STRINGS = NO;
				SWIFT_VERSION = 5.0;
				TARGETED_DEVICE_FAMILY = "1,2";
				TEST_HOST = "$(BUILT_PRODUCTS_DIR)/softeng-iOS.app/$(BUNDLE_EXECUTABLE_FOLDER_PATH)/softeng-iOS";
			};
			name = Release;
		};
		FAEC48192BB5E30900515518 /* Debug */ = {
			isa = XCBuildConfiguration;
			buildSettings = {
				ALWAYS_EMBED_SWIFT_STANDARD_LIBRARIES = YES;
				CODE_SIGN_STYLE = Automatic;
				CURRENT_PROJECT_VERSION = 1;
				DEVELOPMENT_TEAM = 9LZB553FST;
				GENERATE_INFOPLIST_FILE = YES;
				MARKETING_VERSION = 1.0;
				PRODUCT_BUNDLE_IDENTIFIER = "org.siracusafamily.softeng-iOSUITests";
				PRODUCT_NAME = "$(TARGET_NAME)";
				SWIFT_EMIT_LOC_STRINGS = NO;
				SWIFT_VERSION = 5.0;
				TARGETED_DEVICE_FAMILY = "1,2";
				TEST_TARGET_NAME = "softeng-iOS";
			};
			name = Debug;
		};
		FAEC481A2BB5E30900515518 /* Release */ = {
			isa = XCBuildConfiguration;
			buildSettings = {
				ALWAYS_EMBED_SWIFT_STANDARD_LIBRARIES = YES;
				CODE_SIGN_STYLE = Automatic;
				CURRENT_PROJECT_VERSION = 1;
				DEVELOPMENT_TEAM = 9LZB553FST;
				GENERATE_INFOPLIST_FILE = YES;
				MARKETING_VERSION = 1.0;
				PRODUCT_BUNDLE_IDENTIFIER = "org.siracusafamily.softeng-iOSUITests";
				PRODUCT_NAME = "$(TARGET_NAME)";
				SWIFT_EMIT_LOC_STRINGS = NO;
				SWIFT_VERSION = 5.0;
				TARGETED_DEVICE_FAMILY = "1,2";
				TEST_TARGET_NAME = "softeng-iOS";
			};
			name = Release;
		};
/* End XCBuildConfiguration section */

/* Begin XCConfigurationList section */
		FAEC47E72BB5E30800515518 /* Build configuration list for PBXProject "softeng-iOS" */ = {
			isa = XCConfigurationList;
			buildConfigurations = (
				FAEC48102BB5E30900515518 /* Debug */,
				FAEC48112BB5E30900515518 /* Release */,
			);
			defaultConfigurationIsVisible = 0;
			defaultConfigurationName = Release;
		};
		FAEC48122BB5E30900515518 /* Build configuration list for PBXNativeTarget "softeng-iOS" */ = {
			isa = XCConfigurationList;
			buildConfigurations = (
				FAEC48132BB5E30900515518 /* Debug */,
				FAEC48142BB5E30900515518 /* Release */,
			);
			defaultConfigurationIsVisible = 0;
			defaultConfigurationName = Release;
		};
		FAEC48152BB5E30900515518 /* Build configuration list for PBXNativeTarget "softeng-iOSTests" */ = {
			isa = XCConfigurationList;
			buildConfigurations = (
				FAEC48162BB5E30900515518 /* Debug */,
				FAEC48172BB5E30900515518 /* Release */,
			);
			defaultConfigurationIsVisible = 0;
			defaultConfigurationName = Release;
		};
		FAEC48182BB5E30900515518 /* Build configuration list for PBXNativeTarget "softeng-iOSUITests" */ = {
			isa = XCConfigurationList;
			buildConfigurations = (
				FAEC48192BB5E30900515518 /* Debug */,
				FAEC481A2BB5E30900515518 /* Release */,
			);
			defaultConfigurationIsVisible = 0;
			defaultConfigurationName = Release;
		};
/* End XCConfigurationList section */

/* Begin XCRemoteSwiftPackageReference section */
		FA09CC322BC5D73600BD7F52 /* XCRemoteSwiftPackageReference "swift-algorithms" */ = {
			isa = XCRemoteSwiftPackageReference;
			repositoryURL = "https://github.com/apple/swift-algorithms.git";
			requirement = {
				kind = upToNextMajorVersion;
				minimumVersion = 1.2.0;
			};
		};
		FA87A3792BB883450043C106 /* XCRemoteSwiftPackageReference "fmdb" */ = {
			isa = XCRemoteSwiftPackageReference;
			repositoryURL = "https://github.com/ccgus/fmdb.git";
			requirement = {
				kind = upToNextMajorVersion;
				minimumVersion = 2.7.10;
			};
		};
		FAF8F2802BBCEBC900ACD763 /* XCRemoteSwiftPackageReference "fuse-swift" */ = {
			isa = XCRemoteSwiftPackageReference;
			repositoryURL = "https://github.com/krisk/fuse-swift.git";
			requirement = {
				kind = upToNextMajorVersion;
				minimumVersion = 1.4.0;
			};
		};
/* End XCRemoteSwiftPackageReference section */

/* Begin XCSwiftPackageProductDependency section */
		FA09CC302BC5D6B100BD7F52 /* Fuse */ = {
			isa = XCSwiftPackageProductDependency;
			package = FAF8F2802BBCEBC900ACD763 /* XCRemoteSwiftPackageReference "fuse-swift" */;
			productName = Fuse;
		};
		FA09CC332BC5D73600BD7F52 /* Algorithms */ = {
			isa = XCSwiftPackageProductDependency;
			package = FA09CC322BC5D73600BD7F52 /* XCRemoteSwiftPackageReference "swift-algorithms" */;
			productName = Algorithms;
		};
		FA09CC352BC5D74000BD7F52 /* Algorithms */ = {
			isa = XCSwiftPackageProductDependency;
			package = FA09CC322BC5D73600BD7F52 /* XCRemoteSwiftPackageReference "swift-algorithms" */;
			productName = Algorithms;
		};
		FA09CC372BC5D74A00BD7F52 /* Algorithms */ = {
			isa = XCSwiftPackageProductDependency;
			package = FA09CC322BC5D73600BD7F52 /* XCRemoteSwiftPackageReference "swift-algorithms" */;
			productName = Algorithms;
		};
		FA87A37A2BB883450043C106 /* FMDB */ = {
			isa = XCSwiftPackageProductDependency;
			package = FA87A3792BB883450043C106 /* XCRemoteSwiftPackageReference "fmdb" */;
			productName = FMDB;
		};
		FA87A3D42BB9ACF90043C106 /* FMDB */ = {
			isa = XCSwiftPackageProductDependency;
			package = FA87A3792BB883450043C106 /* XCRemoteSwiftPackageReference "fmdb" */;
			productName = FMDB;
		};
		FA87A3D62BB9AD000043C106 /* FMDB */ = {
			isa = XCSwiftPackageProductDependency;
			package = FA87A3792BB883450043C106 /* XCRemoteSwiftPackageReference "fmdb" */;
			productName = FMDB;
		};
		FAF8F2812BBCEC4B00ACD763 /* Fuse */ = {
			isa = XCSwiftPackageProductDependency;
			package = FAF8F2802BBCEBC900ACD763 /* XCRemoteSwiftPackageReference "fuse-swift" */;
			productName = Fuse;
		};
/* End XCSwiftPackageProductDependency section */
	};
	rootObject = FAEC47E42BB5E30800515518 /* Project object */;
}
