{
  "originHash" : "5710217b93413d4b60bde4b4ac9c3d2497c467b0121acfb93893dd644a7feeea",
  "pins" : [
    {
      "identity" : "fmdb",
      "kind" : "remoteSourceControl",
      "location" : "https://github.com/ccgus/fmdb.git",
      "state" : {
        "revision" : "ccad1c3c57ae597dbcfdf1e2737f733356d37d66",
        "version" : "2.7.10"
      }
    },
    {
      "identity" : "swiftui-lazypager",
      "kind" : "remoteSourceControl",
      "location" : "https://github.com/gh123man/SwiftUI-LazyPager.git",
      "state" : {
        "revision" : "9dadeab5a66e7c4bff97b1e363f791b4ebfca1f6",
        "version" : "1.0.6"
      }
    }
  ],
  "version" : 3
}
