{
  "originHash" : "f90b67ae28cd43c3c74161c4f532ee3aff144868aa7d59d67b4398196a79148a",
  "pins" : [
    {
      "identity" : "fmdb",
      "kind" : "remoteSourceControl",
      "location" : "https://github.com/ccgus/fmdb.git",
      "state" : {
        "revision" : "ccad1c3c57ae597dbcfdf1e2737f733356d37d66",
        "version" : "2.7.10"
      }
    },
    {
      "identity" : "fuse-swift",
      "kind" : "remoteSourceControl",
      "location" : "https://github.com/krisk/fuse-swift.git",
      "state" : {
        "revision" : "26ba868691b2d8b7bf2b1322951eb591be70ccca",
        "version" : "1.4.0"
      }
    }
  ],
  "version" : 3
}
